
Microsoft Visual Studio Solution File, Format Version 12.00
# Visual Studio Version 17
VisualStudioVersion = 17.0.32014.148
MinimumVisualStudioVersion = 10.0.40219.1
Project("{FAE04EC0-301F-11D3-BF4B-00C04F79EFBC}") = "FormDesigner", "FormDesigner.csproj", "{03DF5694-BC60-4030-B66E-0304F0A63059}"
EndProject
Project("{FAE04EC0-301F-11D3-BF4B-00C04F79EFBC}") = "FormDesignerUnit", "FormDesignerUnit\FormDesignerUnit.csproj", "{99CEAB94-E279-4B70-9972-B92310942D7D}"
EndProject
Project("{FAE04EC0-301F-11D3-BF4B-00C04F79EFBC}") = "Ivytalk.DataWindow", "Ivytalk.DataWindow\Ivytalk.DataWindow.csproj", "{F191CC88-44ED-4BD6-A669-7723CE12F66B}"
EndProject
Global
	GlobalSection(SolutionConfigurationPlatforms) = preSolution
		Debug|Any CPU = Debug|Any CPU
		Debug|Mixed Platforms = Debug|Mixed Platforms
		Debug|x86 = Debug|x86
		Release|Any CPU = Release|Any CPU
		Release|Mixed Platforms = Release|Mixed Platforms
		Release|x86 = Release|x86
	EndGlobalSection
	GlobalSection(ProjectConfigurationPlatforms) = postSolution
		{03DF5694-BC60-4030-B66E-0304F0A63059}.Debug|Any CPU.ActiveCfg = Debug|Any CPU
		{03DF5694-BC60-4030-B66E-0304F0A63059}.Debug|Any CPU.Build.0 = Debug|Any CPU
		{03DF5694-BC60-4030-B66E-0304F0A63059}.Debug|Mixed Platforms.ActiveCfg = Debug|Any CPU
		{03DF5694-BC60-4030-B66E-0304F0A63059}.Debug|Mixed Platforms.Build.0 = Debug|Any CPU
		{03DF5694-BC60-4030-B66E-0304F0A63059}.Debug|x86.ActiveCfg = Debug|Any CPU
		{03DF5694-BC60-4030-B66E-0304F0A63059}.Release|Any CPU.ActiveCfg = Release|Any CPU
		{03DF5694-BC60-4030-B66E-0304F0A63059}.Release|Any CPU.Build.0 = Release|Any CPU
		{03DF5694-BC60-4030-B66E-0304F0A63059}.Release|Mixed Platforms.ActiveCfg = Release|Any CPU
		{03DF5694-BC60-4030-B66E-0304F0A63059}.Release|Mixed Platforms.Build.0 = Release|Any CPU
		{03DF5694-BC60-4030-B66E-0304F0A63059}.Release|x86.ActiveCfg = Release|Any CPU
		{99CEAB94-E279-4B70-9972-B92310942D7D}.Debug|Any CPU.ActiveCfg = Debug|Any CPU
		{99CEAB94-E279-4B70-9972-B92310942D7D}.Debug|Any CPU.Build.0 = Debug|Any CPU
		{99CEAB94-E279-4B70-9972-B92310942D7D}.Debug|Mixed Platforms.ActiveCfg = Debug|Any CPU
		{99CEAB94-E279-4B70-9972-B92310942D7D}.Debug|Mixed Platforms.Build.0 = Debug|Any CPU
		{99CEAB94-E279-4B70-9972-B92310942D7D}.Debug|x86.ActiveCfg = Debug|Any CPU
		{99CEAB94-E279-4B70-9972-B92310942D7D}.Debug|x86.Build.0 = Debug|Any CPU
		{99CEAB94-E279-4B70-9972-B92310942D7D}.Release|Any CPU.ActiveCfg = Release|Any CPU
		{99CEAB94-E279-4B70-9972-B92310942D7D}.Release|Any CPU.Build.0 = Release|Any CPU
		{99CEAB94-E279-4B70-9972-B92310942D7D}.Release|Mixed Platforms.ActiveCfg = Release|Any CPU
		{99CEAB94-E279-4B70-9972-B92310942D7D}.Release|Mixed Platforms.Build.0 = Release|Any CPU
		{99CEAB94-E279-4B70-9972-B92310942D7D}.Release|x86.ActiveCfg = Release|Any CPU
		{99CEAB94-E279-4B70-9972-B92310942D7D}.Release|x86.Build.0 = Release|Any CPU
		{F191CC88-44ED-4BD6-A669-7723CE12F66B}.Debug|Any CPU.ActiveCfg = Debug|Any CPU
		{F191CC88-44ED-4BD6-A669-7723CE12F66B}.Debug|Any CPU.Build.0 = Debug|Any CPU
		{F191CC88-44ED-4BD6-A669-7723CE12F66B}.Debug|Mixed Platforms.ActiveCfg = Debug|Any CPU
		{F191CC88-44ED-4BD6-A669-7723CE12F66B}.Debug|Mixed Platforms.Build.0 = Debug|Any CPU
		{F191CC88-44ED-4BD6-A669-7723CE12F66B}.Debug|x86.ActiveCfg = Debug|Any CPU
		{F191CC88-44ED-4BD6-A669-7723CE12F66B}.Debug|x86.Build.0 = Debug|Any CPU
		{F191CC88-44ED-4BD6-A669-7723CE12F66B}.Release|Any CPU.ActiveCfg = Release|Any CPU
		{F191CC88-44ED-4BD6-A669-7723CE12F66B}.Release|Any CPU.Build.0 = Release|Any CPU
		{F191CC88-44ED-4BD6-A669-7723CE12F66B}.Release|Mixed Platforms.ActiveCfg = Release|Any CPU
		{F191CC88-44ED-4BD6-A669-7723CE12F66B}.Release|Mixed Platforms.Build.0 = Release|Any CPU
		{F191CC88-44ED-4BD6-A669-7723CE12F66B}.Release|x86.ActiveCfg = Release|Any CPU
		{F191CC88-44ED-4BD6-A669-7723CE12F66B}.Release|x86.Build.0 = Release|Any CPU
	EndGlobalSection
	GlobalSection(SolutionProperties) = preSolution
		HideSolutionNode = FALSE
	EndGlobalSection
	GlobalSection(ExtensibilityGlobals) = postSolution
		SolutionGuid = {0FE77FF9-BA9D-4B86-9A12-44463E722D5E}
	EndGlobalSection
EndGlobal
